// !$*UTF8*$!
{
	archiveVersion = 1;
	classes = {
	};
	objectVersion = 56;
	objects = {

/* Begin PBXBuildFile section */
		F3426C052A3B91E600E12613 /* ComposePageApp.swift in Sources */ = {isa = PBXBuildFile; fileRef = F3426C042A3B91E600E12613 /* ComposePageApp.swift */; };
		F3426C092A3B91E800E12613 /* Assets.xcassets in Resources */ = {isa = PBXBuildFile; fileRef = F3426C082A3B91E800E12613 /* Assets.xcassets */; };
		F3426C0C2A3B91E800E12613 /* Preview Assets.xcassets in Resources */ = {isa = PBXBuildFile; fileRef = F3426C0B2A3B91E800E12613 /* Preview Assets.xcassets */; };
		F3426C152A3B920C00E12613 /* ComposeView.swift in Sources */ = {isa = PBXBuildFile; fileRef = F3426C142A3B920C00E12613 /* ComposeView.swift */; };
		F3E3884E2A3F376700C8D3C2 /* ComposePageViewModeling.swift in Sources */ = {isa = PBXBuildFile; fileRef = F3E3884D2A3F376700C8D3C2 /* ComposePageViewModeling.swift */; };
		F3E388502A3F37F800C8D3C2 /* ComposePageViewModel.swift in Sources */ = {isa = PBXBuildFile; fileRef = F3E3884F2A3F37F800C8D3C2 /* ComposePageViewModel.swift */; };
		F3E388522A3F38AA00C8D3C2 /* MailModel.swift in Sources */ = {isa = PBXBuildFile; fileRef = F3E388512A3F38AA00C8D3C2 /* MailModel.swift */; };
		F3E388562A3F3A7800C8D3C2 /* Extensions.swift in Sources */ = {isa = PBXBuildFile; fileRef = F3E388552A3F3A7800C8D3C2 /* Extensions.swift */; };
		F3E388582A3F3ABC00C8D3C2 /* CustomChipView.swift in Sources */ = {isa = PBXBuildFile; fileRef = F3E388572A3F3ABC00C8D3C2 /* CustomChipView.swift */; };
/* End PBXBuildFile section */

/* Begin PBXFileReference section */
		F3426C012A3B91E600E12613 /* ComposePage.app */ = {isa = PBXFileReference; explicitFileType = wrapper.application; includeInIndex = 0; path = ComposePage.app; sourceTree = BUILT_PRODUCTS_DIR; };
		F3426C042A3B91E600E12613 /* ComposePageApp.swift */ = {isa = PBXFileReference; lastKnownFileType = sourcecode.swift; path = ComposePageApp.swift; sourceTree = "<group>"; };
		F3426C082A3B91E800E12613 /* Assets.xcassets */ = {isa = PBXFileReference; lastKnownFileType = folder.assetcatalog; path = Assets.xcassets; sourceTree = "<group>"; };
		F3426C0B2A3B91E800E12613 /* Preview Assets.xcassets */ = {isa = PBXFileReference; lastKnownFileType = folder.assetcatalog; path = "Preview Assets.xcassets"; sourceTree = "<group>"; };
		F3426C142A3B920C00E12613 /* ComposeView.swift */ = {isa = PBXFileReference; lastKnownFileType = sourcecode.swift; path = ComposeView.swift; sourceTree = "<group>"; };
		F3E3884D2A3F376700C8D3C2 /* ComposePageViewModeling.swift */ = {isa = PBXFileReference; lastKnownFileType = sourcecode.swift; path = ComposePageViewModeling.swift; sourceTree = "<group>"; };
		F3E3884F2A3F37F800C8D3C2 /* ComposePageViewModel.swift */ = {isa = PBXFileReference; lastKnownFileType = sourcecode.swift; path = ComposePageViewModel.swift; sourceTree = "<group>"; };
		F3E388512A3F38AA00C8D3C2 /* MailModel.swift */ = {isa = PBXFileReference; lastKnownFileType = sourcecode.swift; path = MailModel.swift; sourceTree = "<group>"; };
		F3E388552A3F3A7800C8D3C2 /* Extensions.swift */ = {isa = PBXFileReference; lastKnownFileType = sourcecode.swift; path = Extensions.swift; sourceTree = "<group>"; };
		F3E388572A3F3ABC00C8D3C2 /* CustomChipView.swift */ = {isa = PBXFileReference; lastKnownFileType = sourcecode.swift; path = CustomChipView.swift; sourceTree = "<group>"; };
/* End PBXFileReference section */

/* Begin PBXFrameworksBuildPhase section */
		F3426BFE2A3B91E600E12613 /* Frameworks */ = {
			isa = PBXFrameworksBuildPhase;
			buildActionMask = 2147483647;
			files = (
			);
			runOnlyForDeploymentPostprocessing = 0;
		};
/* End PBXFrameworksBuildPhase section */

/* Begin PBXGroup section */
		F3426BF82A3B91E600E12613 = {
			isa = PBXGroup;
			children = (
				F3426C032A3B91E600E12613 /* ComposePage */,
				F3426C022A3B91E600E12613 /* Products */,
			);
			sourceTree = "<group>";
		};
		F3426C022A3B91E600E12613 /* Products */ = {
			isa = PBXGroup;
			children = (
				F3426C012A3B91E600E12613 /* ComposePage.app */,
			);
			name = Products;
			sourceTree = "<group>";
		};
		F3426C032A3B91E600E12613 /* ComposePage */ = {
			isa = PBXGroup;
			children = (
				F3E388542A3F3A6A00C8D3C2 /* Utils */,
				F3426C122A3B91F000E12613 /* Compose */,
				F3426C042A3B91E600E12613 /* ComposePageApp.swift */,
				F3426C082A3B91E800E12613 /* Assets.xcassets */,
				F3426C0A2A3B91E800E12613 /* Preview Content */,
			);
			path = ComposePage;
			sourceTree = "<group>";
		};
		F3426C0A2A3B91E800E12613 /* Preview Content */ = {
			isa = PBXGroup;
			children = (
				F3426C0B2A3B91E800E12613 /* Preview Assets.xcassets */,
			);
			path = "Preview Content";
			sourceTree = "<group>";
		};
		F3426C122A3B91F000E12613 /* Compose */ = {
			isa = PBXGroup;
			children = (
				F3E388532A3F391B00C8D3C2 /* Model */,
				F3E3884C2A3F374C00C8D3C2 /* ViewModel */,
				F3426C132A3B91F900E12613 /* View */,
			);
			path = Compose;
			sourceTree = "<group>";
		};
		F3426C132A3B91F900E12613 /* View */ = {
			isa = PBXGroup;
			children = (
				F3426C142A3B920C00E12613 /* ComposeView.swift */,
				F3E388572A3F3ABC00C8D3C2 /* CustomChipView.swift */,
			);
			path = View;
			sourceTree = "<group>";
		};
		F3E3884C2A3F374C00C8D3C2 /* ViewModel */ = {
			isa = PBXGroup;
			children = (
				F3E3884D2A3F376700C8D3C2 /* ComposePageViewModeling.swift */,
				F3E3884F2A3F37F800C8D3C2 /* ComposePageViewModel.swift */,
			);
			path = ViewModel;
			sourceTree = "<group>";
		};
		F3E388532A3F391B00C8D3C2 /* Model */ = {
			isa = PBXGroup;
			children = (
				F3E388512A3F38AA00C8D3C2 /* MailModel.swift */,
			);
			path = Model;
			sourceTree = "<group>";
		};
		F3E388542A3F3A6A00C8D3C2 /* Utils */ = {
			isa = PBXGroup;
			children = (
				F3E388552A3F3A7800C8D3C2 /* Extensions.swift */,
			);
			path = Utils;
			sourceTree = "<group>";
		};
/* End PBXGroup section */

/* Begin PBXNativeTarget section */
		F3426C002A3B91E600E12613 /* ComposePage */ = {
			isa = PBXNativeTarget;
			buildConfigurationList = F3426C0F2A3B91E800E12613 /* Build configuration list for PBXNativeTarget "ComposePage" */;
			buildPhases = (
				F3426BFD2A3B91E600E12613 /* Sources */,
				F3426BFE2A3B91E600E12613 /* Frameworks */,
				F3426BFF2A3B91E600E12613 /* Resources */,
			);
			buildRules = (
			);
			dependencies = (
			);
			name = ComposePage;
			productName = ComposePage;
			productReference = F3426C012A3B91E600E12613 /* ComposePage.app */;
			productType = "com.apple.product-type.application";
		};
/* End PBXNativeTarget section */

/* Begin PBXProject section */
		F3426BF92A3B91E600E12613 /* Project object */ = {
			isa = PBXProject;
			attributes = {
				BuildIndependentTargetsInParallel = 1;
				LastSwiftUpdateCheck = 1430;
				LastUpgradeCheck = 1430;
				TargetAttributes = {
					F3426C002A3B91E600E12613 = {
						CreatedOnToolsVersion = 14.3;
					};
				};
			};
			buildConfigurationList = F3426BFC2A3B91E600E12613 /* Build configuration list for PBXProject "ComposePage" */;
			compatibilityVersion = "Xcode 14.0";
			developmentRegion = en;
			hasScannedForEncodings = 0;
			knownRegions = (
				en,
				Base,
			);
			mainGroup = F3426BF82A3B91E600E12613;
			productRefGroup = F3426C022A3B91E600E12613 /* Products */;
			projectDirPath = "";
			projectRoot = "";
			targets = (
				F3426C002A3B91E600E12613 /* ComposePage */,
			);
		};
/* End PBXProject section */

/* Begin PBXResourcesBuildPhase section */
		F3426BFF2A3B91E600E12613 /* Resources */ = {
			isa = PBXResourcesBuildPhase;
			buildActionMask = 2147483647;
			files = (
				F3426C0C2A3B91E800E12613 /* Preview Assets.xcassets in Resources */,
				F3426C092A3B91E800E12613 /* Assets.xcassets in Resources */,
			);
			runOnlyForDeploymentPostprocessing = 0;
		};
/* End PBXResourcesBuildPhase section */

/* Begin PBXSourcesBuildPhase section */
		F3426BFD2A3B91E600E12613 /* Sources */ = {
			isa = PBXSourcesBuildPhase;
			buildActionMask = 2147483647;
			files = (
				F3E3884E2A3F376700C8D3C2 /* ComposePageViewModeling.swift in Sources */,
				F3E388582A3F3ABC00C8D3C2 /* CustomChipView.swift in Sources */,
				F3426C152A3B920C00E12613 /* ComposeView.swift in Sources */,
				F3E388562A3F3A7800C8D3C2 /* Extensions.swift in Sources */,
				F3E388502A3F37F800C8D3C2 /* ComposePageViewModel.swift in Sources */,
				F3426C052A3B91E600E12613 /* ComposePageApp.swift in Sources */,
				F3E388522A3F38AA00C8D3C2 /* MailModel.swift in Sources */,
			);
			runOnlyForDeploymentPostprocessing = 0;
		};
/* End PBXSourcesBuildPhase section */

/* Begin XCBuildConfiguration section */
		F3426C0D2A3B91E800E12613 /* Debug */ = {
			isa = XCBuildConfiguration;
			buildSettings = {
				ALWAYS_SEARCH_USER_PATHS = NO;
				CLANG_ANALYZER_NONNULL = YES;
				CLANG_ANALYZER_NUMBER_OBJECT_CONVERSION = YES_AGGRESSIVE;
				CLANG_CXX_LANGUAGE_STANDARD = "gnu++20";
				CLANG_ENABLE_MODULES = YES;
				CLANG_ENABLE_OBJC_ARC = YES;
				CLANG_ENABLE_OBJC_WEAK = YES;
				CLANG_WARN_BLOCK_CAPTURE_AUTORELEASING = YES;
				CLANG_WARN_BOOL_CONVERSION = YES;
				CLANG_WARN_COMMA = YES;
				CLANG_WARN_CONSTANT_CONVERSION = YES;
				CLANG_WARN_DEPRECATED_OBJC_IMPLEMENTATIONS = YES;
				CLANG_WARN_DIRECT_OBJC_ISA_USAGE = YES_ERROR;
				CLANG_WARN_DOCUMENTATION_COMMENTS = YES;
				CLANG_WARN_EMPTY_BODY = YES;
				CLANG_WARN_ENUM_CONVERSION = YES;
				CLANG_WARN_INFINITE_RECURSION = YES;
				CLANG_WARN_INT_CONVERSION = YES;
				CLANG_WARN_NON_LITERAL_NULL_CONVERSION = YES;
				CLANG_WARN_OBJC_IMPLICIT_RETAIN_SELF = YES;
				CLANG_WARN_OBJC_LITERAL_CONVERSION = YES;
				CLANG_WARN_OBJC_ROOT_CLASS = YES_ERROR;
				CLANG_WARN_QUOTED_INCLUDE_IN_FRAMEWORK_HEADER = YES;
				CLANG_WARN_RANGE_LOOP_ANALYSIS = YES;
				CLANG_WARN_STRICT_PROTOTYPES = YES;
				CLANG_WARN_SUSPICIOUS_MOVE = YES;
				CLANG_WARN_UNGUARDED_AVAILABILITY = YES_AGGRESSIVE;
				CLANG_WARN_UNREACHABLE_CODE = YES;
				CLANG_WARN__DUPLICATE_METHOD_MATCH = YES;
				COPY_PHASE_STRIP = NO;
				DEBUG_INFORMATION_FORMAT = dwarf;
				ENABLE_STRICT_OBJC_MSGSEND = YES;
				ENABLE_TESTABILITY = YES;
				GCC_C_LANGUAGE_STANDARD = gnu11;
				GCC_DYNAMIC_NO_PIC = NO;
				GCC_NO_COMMON_BLOCKS = YES;
				GCC_OPTIMIZATION_LEVEL = 0;
				GCC_PREPROCESSOR_DEFINITIONS = (
					"DEBUG=1",
					"$(inherited)",
				);
				GCC_WARN_64_TO_32_BIT_CONVERSION = YES;
				GCC_WARN_ABOUT_RETURN_TYPE = YES_ERROR;
				GCC_WARN_UNDECLARED_SELECTOR = YES;
				GCC_WARN_UNINITIALIZED_AUTOS = YES_AGGRESSIVE;
				GCC_WARN_UNUSED_FUNCTION = YES;
				GCC_WARN_UNUSED_VARIABLE = YES;
				IPHONEOS_DEPLOYMENT_TARGET = 16.4;
				MTL_ENABLE_DEBUG_INFO = INCLUDE_SOURCE;
				MTL_FAST_MATH = YES;
				ONLY_ACTIVE_ARCH = YES;
				SDKROOT = iphoneos;
				SWIFT_ACTIVE_COMPILATION_CONDITIONS = DEBUG;
				SWIFT_OPTIMIZATION_LEVEL = "-Onone";
			};
			name = Debug;
		};
		F3426C0E2A3B91E800E12613 /* Release */ = {
			isa = XCBuildConfiguration;
			buildSettings = {
				ALWAYS_SEARCH_USER_PATHS = NO;
				CLANG_ANALYZER_NONNULL = YES;
				CLANG_ANALYZER_NUMBER_OBJECT_CONVERSION = YES_AGGRESSIVE;
				CLANG_CXX_LANGUAGE_STANDARD = "gnu++20";
				CLANG_ENABLE_MODULES = YES;
				CLANG_ENABLE_OBJC_ARC = YES;
				CLANG_ENABLE_OBJC_WEAK = YES;
				CLANG_WARN_BLOCK_CAPTURE_AUTORELEASING = YES;
				CLANG_WARN_BOOL_CONVERSION = YES;
				CLANG_WARN_COMMA = YES;
				CLANG_WARN_CONSTANT_CONVERSION = YES;
				CLANG_WARN_DEPRECATED_OBJC_IMPLEMENTATIONS = YES;
				CLANG_WARN_DIRECT_OBJC_ISA_USAGE = YES_ERROR;
				CLANG_WARN_DOCUMENTATION_COMMENTS = YES;
				CLANG_WARN_EMPTY_BODY = YES;
				CLANG_WARN_ENUM_CONVERSION = YES;
				CLANG_WARN_INFINITE_RECURSION = YES;
				CLANG_WARN_INT_CONVERSION = YES;
				CLANG_WARN_NON_LITERAL_NULL_CONVERSION = YES;
				CLANG_WARN_OBJC_IMPLICIT_RETAIN_SELF = YES;
				CLANG_WARN_OBJC_LITERAL_CONVERSION = YES;
				CLANG_WARN_OBJC_ROOT_CLASS = YES_ERROR;
				CLANG_WARN_QUOTED_INCLUDE_IN_FRAMEWORK_HEADER = YES;
				CLANG_WARN_RANGE_LOOP_ANALYSIS = YES;
				CLANG_WARN_STRICT_PROTOTYPES = YES;
				CLANG_WARN_SUSPICIOUS_MOVE = YES;
				CLANG_WARN_UNGUARDED_AVAILABILITY = YES_AGGRESSIVE;
				CLANG_WARN_UNREACHABLE_CODE = YES;
				CLANG_WARN__DUPLICATE_METHOD_MATCH = YES;
				COPY_PHASE_STRIP = NO;
				DEBUG_INFORMATION_FORMAT = "dwarf-with-dsym";
				ENABLE_NS_ASSERTIONS = NO;
				ENABLE_STRICT_OBJC_MSGSEND = YES;
				GCC_C_LANGUAGE_STANDARD = gnu11;
				GCC_NO_COMMON_BLOCKS = YES;
				GCC_WARN_64_TO_32_BIT_CONVERSION = YES;
				GCC_WARN_ABOUT_RETURN_TYPE = YES_ERROR;
				GCC_WARN_UNDECLARED_SELECTOR = YES;
				GCC_WARN_UNINITIALIZED_AUTOS = YES_AGGRESSIVE;
				GCC_WARN_UNUSED_FUNCTION = YES;
				GCC_WARN_UNUSED_VARIABLE = YES;
				IPHONEOS_DEPLOYMENT_TARGET = 16.4;
				MTL_ENABLE_DEBUG_INFO = NO;
				MTL_FAST_MATH = YES;
				SDKROOT = iphoneos;
				SWIFT_COMPILATION_MODE = wholemodule;
				SWIFT_OPTIMIZATION_LEVEL = "-O";
				VALIDATE_PRODUCT = YES;
			};
			name = Release;
		};
		F3426C102A3B91E800E12613 /* Debug */ = {
			isa = XCBuildConfiguration;
			buildSettings = {
				ASSETCATALOG_COMPILER_APPICON_NAME = AppIcon;
				ASSETCATALOG_COMPILER_GLOBAL_ACCENT_COLOR_NAME = AccentColor;
				CODE_SIGN_STYLE = Automatic;
				CURRENT_PROJECT_VERSION = 1;
				DEVELOPMENT_ASSET_PATHS = "\"ComposePage/Preview Content\"";
				DEVELOPMENT_TEAM = XAKAWHWK38;
				ENABLE_PREVIEWS = YES;
				GENERATE_INFOPLIST_FILE = YES;
				INFOPLIST_KEY_UIApplicationSceneManifest_Generation = YES;
				INFOPLIST_KEY_UIApplicationSupportsIndirectInputEvents = YES;
				INFOPLIST_KEY_UILaunchScreen_Generation = YES;
				INFOPLIST_KEY_UISupportedInterfaceOrientations_iPad = "UIInterfaceOrientationPortrait UIInterfaceOrientationPortraitUpsideDown UIInterfaceOrientationLandscapeLeft UIInterfaceOrientationLandscapeRight";
				INFOPLIST_KEY_UISupportedInterfaceOrientations_iPhone = "UIInterfaceOrientationPortrait UIInterfaceOrientationLandscapeLeft UIInterfaceOrientationLandscapeRight";
				LD_RUNPATH_SEARCH_PATHS = (
					"$(inherited)",
					"@executable_path/Frameworks",
				);
				MARKETING_VERSION = 1.0;
				PRODUCT_BUNDLE_IDENTIFIER = com.Mekhak.ComposePage;
				PRODUCT_NAME = "$(TARGET_NAME)";
				SWIFT_EMIT_LOC_STRINGS = YES;
				SWIFT_VERSION = 5.0;
				TARGETED_DEVICE_FAMILY = "1,2";
			};
			name = Debug;
		};
		F3426C112A3B91E800E12613 /* Release */ = {
			isa = XCBuildConfiguration;
			buildSettings = {
				ASSETCATALOG_COMPILER_APPICON_NAME = AppIcon;
				ASSETCATALOG_COMPILER_GLOBAL_ACCENT_COLOR_NAME = AccentColor;
				CODE_SIGN_STYLE = Automatic;
				CURRENT_PROJECT_VERSION = 1;
				DEVELOPMENT_ASSET_PATHS = "\"ComposePage/Preview Content\"";
				DEVELOPMENT_TEAM = XAKAWHWK38;
				ENABLE_PREVIEWS = YES;
				GENERATE_INFOPLIST_FILE = YES;
				INFOPLIST_KEY_UIApplicationSceneManifest_Generation = YES;
				INFOPLIST_KEY_UIApplicationSupportsIndirectInputEvents = YES;
				INFOPLIST_KEY_UILaunchScreen_Generation = YES;
				INFOPLIST_KEY_UISupportedInterfaceOrientations_iPad = "UIInterfaceOrientationPortrait UIInterfaceOrientationPortraitUpsideDown UIInterfaceOrientationLandscapeLeft UIInterfaceOrientationLandscapeRight";
				INFOPLIST_KEY_UISupportedInterfaceOrientations_iPhone = "UIInterfaceOrientationPortrait UIInterfaceOrientationLandscapeLeft UIInterfaceOrientationLandscapeRight";
				LD_RUNPATH_SEARCH_PATHS = (
					"$(inherited)",
					"@executable_path/Frameworks",
				);
				MARKETING_VERSION = 1.0;
				PRODUCT_BUNDLE_IDENTIFIER = com.Mekhak.ComposePage;
				PRODUCT_NAME = "$(TARGET_NAME)";
				SWIFT_EMIT_LOC_STRINGS = YES;
				SWIFT_VERSION = 5.0;
				TARGETED_DEVICE_FAMILY = "1,2";
			};
			name = Release;
		};
/* End XCBuildConfiguration section */

/* Begin XCConfigurationList section */
		F3426BFC2A3B91E600E12613 /* Build configuration list for PBXProject "ComposePage" */ = {
			isa = XCConfigurationList;
			buildConfigurations = (
				F3426C0D2A3B91E800E12613 /* Debug */,
				F3426C0E2A3B91E800E12613 /* Release */,
			);
			defaultConfigurationIsVisible = 0;
			defaultConfigurationName = Release;
		};
		F3426C0F2A3B91E800E12613 /* Build configuration list for PBXNativeTarget "ComposePage" */ = {
			isa = XCConfigurationList;
			buildConfigurations = (
				F3426C102A3B91E800E12613 /* Debug */,
				F3426C112A3B91E800E12613 /* Release */,
			);
			defaultConfigurationIsVisible = 0;
			defaultConfigurationName = Release;
		};
/* End XCConfigurationList section */
	};
	rootObject = F3426BF92A3B91E600E12613 /* Project object */;
}
